
Microsoft Visual Studio Solution File, Format Version 12.00
# Visual Studio Version 16
VisualStudioVersion = 16.0.30907.101
MinimumVisualStudioVersion = 10.0.40219.1
Project("{FAE04EC0-301F-11D3-BF4B-00C04F79EFBC}") = "Two_one_three", "Two_one_three\Two_one_three.csproj", "{2B4B4D74-5DA8-43FD-A4C7-6C122D8EEB06}"
EndProject
Global
	GlobalSection(SolutionConfigurationPlatforms) = preSolution
		Debug|Any CPU = Debug|Any CPU
		Release|Any CPU = Release|Any CPU
	EndGlobalSection
	GlobalSection(ProjectConfigurationPlatforms) = postSolution
		{2B4B4D74-5DA8-43FD-A4C7-6C122D8EEB06}.Debug|Any CPU.ActiveCfg = Debug|Any CPU
		{2B4B4D74-5DA8-43FD-A4C7-6C122D8EEB06}.Debug|Any CPU.Build.0 = Debug|Any CPU
		{2B4B4D74-5DA8-43FD-A4C7-6C122D8EEB06}.Release|Any CPU.ActiveCfg = Release|Any CPU
		{2B4B4D74-5DA8-43FD-A4C7-6C122D8EEB06}.Release|Any CPU.Build.0 = Release|Any CPU
	EndGlobalSection
	GlobalSection(SolutionProperties) = preSolution
		HideSolutionNode = FALSE
	EndGlobalSection
	GlobalSection(ExtensibilityGlobals) = postSolution
		SolutionGuid = {775E8F5E-E895-4943-AB61-22416A8416BD}
	EndGlobalSection
EndGlobal
